lockfileVersion: '9.0'

settings:
  autoInstallPeers: true
  excludeLinksFromLockfile: false

importers:

  .:
    devDependencies:
      '@types/node':
        specifier: ^14.0.0
        version: 14.18.63
      typescript:
        specifier: ^4.0.0
        version: 4.9.5
      uWebSockets.js:
        specifier: github:uNetworking/uWebSockets.js#v20.44.0
        version: https://codeload.github.com/uNetworking/uWebSockets.js/tar.gz/8fa05571bf6ea95be8966ad313d9d39453e381ae

packages:

  '@types/node@14.18.63':
    resolution: {integrity: sha512-fAtCfv4jJg+ExtXhvCkCqUKZ+4ok/JQk01qDKhL5BDDoS3AxKXhV5/MAVUZyQnSEd2GT92fkgZl0pz0Q0AzcIQ==}

  typescript@4.9.5:
    resolution: {integrity: sha512-1FXk9E2Hm+QzZQ7z+McJiHL4NW1F2EzMu9Nq9i3zAaGqibafqYwCVU6WyWAuyQRRzOlxou8xZSyXLEN8oKj24g==}
    engines: {node: '>=4.2.0'}
    hasBin: true

  uWebSockets.js@https://codeload.github.com/uNetworking/uWebSockets.js/tar.gz/8fa05571bf6ea95be8966ad313d9d39453e381ae:
    resolution: {tarball: https://codeload.github.com/uNetworking/uWebSockets.js/tar.gz/8fa05571bf6ea95be8966ad313d9d39453e381ae}
    version: 20.44.0

snapshots:

  '@types/node@14.18.63': {}

  typescript@4.9.5: {}

  uWebSockets.js@https://codeload.github.com/uNetworking/uWebSockets.js/tar.gz/8fa05571bf6ea95be8966ad313d9d39453e381ae: {}
